{
  "name": "singularity",
  "version": "1.0.0",
  "lockfileVersion": 3,
  "requires": true,
  "packages": {
    "": {
      "name": "singularity",
      "version": "1.0.0",
      "license": "MIT",
      "dependencies": {
        "crc-32": "https://cdn.sheetjs.com/crc-32-latest/crc-32-latest.tgz",
        "lunr": "^2.3.9",
        "marked": "^14.1.2"
      }
    },
    "node_modules/crc-32": {
      "version": "1.2.3",
      "resolved": "https://cdn.sheetjs.com/crc-32-latest/crc-32-latest.tgz",
      "integrity": "sha512-4CPNFDBZpBMZEMSUfiTWC4S2Ae2pa3j+Ih4WcThVSN01JK+OdqH6sX5uggPPt19QgaihsxW15uJgHFqtcoGLIw==",
      "license": "Apache-2.0",
      "bin": {
        "crc32": "bin/crc32.njs"
      },
      "engines": {
        "node": ">=0.8"
      }
    },
    "node_modules/lunr": {
      "version": "2.3.9",
      "resolved": "https://registry.npmjs.org/lunr/-/lunr-2.3.9.tgz",
      "integrity": "sha512-zTU3DaZaF3Rt9rhN3uBMGQD3dD2/vFQqnvZCDv4dl5iOzq2IZQqTxu90r4E5J+nP70J3ilqVCrbho2eWaeW8Ow=="
    },
    "node_modules/marked": {
      "version": "14.1.2",
      "resolved": "https://registry.npmjs.org/marked/-/marked-14.1.2.tgz",
      "integrity": "sha512-f3r0yqpz31VXiDB/wj9GaOB0a2PRLQl6vJmXiFrniNwjkKdvakqJRULhjFKJpxOchlCRiG5fcacoUZY5Xa6PEQ==",
      "bin": {
        "marked": "bin/marked.js"
      },
      "engines": {
        "node": ">= 18"
      }
    }
  }
}
