lockfileVersion: '9.0'

settings:
  autoInstallPeers: true
  excludeLinksFromLockfile: false

importers:

  .:
    dependencies:
      crc-32:
        specifier: https://cdn.sheetjs.com/crc-32-latest/crc-32-latest.tgz
        version: https://cdn.sheetjs.com/crc-32-latest/crc-32-latest.tgz
      lunr:
        specifier: ^2.3.9
        version: 2.3.9

packages:

  crc-32@https://cdn.sheetjs.com/crc-32-latest/crc-32-latest.tgz:
    resolution: {tarball: https://cdn.sheetjs.com/crc-32-latest/crc-32-latest.tgz}
    version: 1.2.3
    engines: {node: '>=0.8'}
    hasBin: true

  lunr@2.3.9:
    resolution: {integrity: sha512-zTU3DaZaF3Rt9rhN3uBMGQD3dD2/vFQqnvZCDv4dl5iOzq2IZQqTxu90r4E5J+nP70J3ilqVCrbho2eWaeW8Ow==}

snapshots:

  crc-32@https://cdn.sheetjs.com/crc-32-latest/crc-32-latest.tgz: {}

  lunr@2.3.9: {}
